{
    "_meta": {
        "hash": {
            "sha256": "66d94090d1bae767f31c4b2fd9f095d9c24d76dbb0f5fe705808ec3910ee6a26"
        },
        "pipfile-spec": 6,
        "requires": {
            "python_full_version": "3.12.2",
            "python_version": "3.12"
        },
        "sources": [
            {
                "name": "pypi",
                "url": "https://pypi.org/simple",
                "verify_ssl": true
            }
        ]
    },
    "default": {
        "py4j": {
            "hashes": [
                "sha256:0b6e5315bb3ada5cf62ac651d107bb2ebc02def3dee9d9548e3baac644ea8dbb",
                "sha256:85defdfd2b2376eb3abf5ca6474b51ab7e0de341c75a02f46dc9b5976f5a5c1b"
            ],
            "index": "pypi",
            "version": "==0.10.9.7"
        },
        "pyspark": {
            "hashes": [
                "sha256:088db1b8ff33a748b802f1710ff6f6dcef0e0f2cca7d69bbbe55b187a0d55c3f"
            ],
            "index": "pypi",
            "markers": "python_version >= '3.7'",
            "version": "==3.4.2"
        }
    },
    "develop": {}
}
